
Microsoft Visual Studio Solution File, Format Version 12.00
Project("{FAE04EC0-301F-11D3-BF4B-00C04F79EFBC}") = "SimpleConsoleApp", "Project_1\SimpleConsoleApp\SimpleConsoleApp.csproj", "{14D20679-3C75-4C47-A054-4386C6789B9C}"
EndProject
Project("{2150E333-8FDC-42A3-9474-1A3956D46DE8}") = "Project_1", "Project_1", "{C2FD7346-D37B-49DF-83C9-9387DBB02973}"
EndProject
Project("{FAE04EC0-301F-11D3-BF4B-00C04F79EFBC}") = "FunctionalLibrary", "Project_1\FunctionalLibrary\FunctionalLibrary.csproj", "{CE744C80-FF20-4A3B-B306-E9B71CCB34D3}"
EndProject
Project("{2150E333-8FDC-42A3-9474-1A3956D46DE8}") = "Project_2", "Project_2", "{C46339DA-57C1-4B4C-80BD-A0995546E801}"
EndProject
Project("{FAE04EC0-301F-11D3-BF4B-00C04F79EFBC}") = "DataTypesConsoleApp", "Project_2\DataTypesConsoleApp\DataTypesConsoleApp.csproj", "{F2DAFE12-C63B-4887-9242-C380412F01C4}"
EndProject
Project("{FAE04EC0-301F-11D3-BF4B-00C04F79EFBC}") = "DataTypesLibrary", "Project_2\DataTypesLibrary\DataTypesLibrary.csproj", "{BF72B52D-A574-4885-A7DF-F6A02C111673}"
EndProject
Project("{2150E333-8FDC-42A3-9474-1A3956D46DE8}") = "Project_3", "Project_3", "{86E69D47-F33A-4A30-B755-A5BF0564DF71}"
EndProject
Project("{FAE04EC0-301F-11D3-BF4B-00C04F79EFBC}") = "CollectionsDevConsoleApp", "Project_3\CollectionsDevConsoleApp\CollectionsDevConsoleApp.csproj", "{C8E72D13-0C86-49FB-898C-698132D609BE}"
EndProject
Project("{FAE04EC0-301F-11D3-BF4B-00C04F79EFBC}") = "LibraryCollections", "Project_3\LibraryCollections\LibraryCollections.csproj", "{2442ECCB-94FB-48D1-BCDD-4D82AACA0CC0}"
EndProject
Project("{2150E333-8FDC-42A3-9474-1A3956D46DE8}") = "Project_4", "Project_4", "{635DED03-D52A-43C0-96A5-E6AB77C6B3DA}"
EndProject
Project("{FAE04EC0-301F-11D3-BF4B-00C04F79EFBC}") = "ConsoleDelegatesApp", "Project_4\ConsoleDelegatesApp\ConsoleDelegatesApp.csproj", "{A5F0F016-8E70-4CBA-8F71-5F3CC98F280B}"
EndProject
Project("{FAE04EC0-301F-11D3-BF4B-00C04F79EFBC}") = "LibraryDelegates", "Project_4\LibraryDelegates\LibraryDelegates.csproj", "{93ACC6FE-FA73-4ED9-A181-9B7D9C899E5E}"
EndProject
Project("{2150E333-8FDC-42A3-9474-1A3956D46DE8}") = "Project_5", "Project_5", "{46369693-C307-4280-8995-67FD2BFD3B6C}"
EndProject
Project("{FAE04EC0-301F-11D3-BF4B-00C04F79EFBC}") = "ConsoleJsonApp", "Project_5\ConsoleJsonApp\ConsoleJsonApp.csproj", "{CE8932FD-D020-4B18-963A-07C7BE47208C}"
EndProject
Project("{2150E333-8FDC-42A3-9474-1A3956D46DE8}") = "Project_6", "Project_6", "{0A30F3A8-C85A-4297-9479-B18008B9C980}"
EndProject
Project("{FAE04EC0-301F-11D3-BF4B-00C04F79EFBC}") = "ConsoleLinq", "Project_6\ConsoleLinq\ConsoleLinq.csproj", "{9B1103C5-111A-43E6-A9DE-F2AC63060BC9}"
EndProject
Project("{2150E333-8FDC-42A3-9474-1A3956D46DE8}") = "Project_7", "Project_7", "{510C9AE2-E10E-4A1F-AD0F-E5207BC6FAE0}"
EndProject
Project("{FAE04EC0-301F-11D3-BF4B-00C04F79EFBC}") = "ConsoleOOPApp", "Project_7\ConsoleOOPApp\ConsoleOOPApp.csproj", "{384BF516-4D42-4037-9E9A-2240160F50E5}"
EndProject
Project("{2150E333-8FDC-42A3-9474-1A3956D46DE8}") = "Project_8", "Project_8", "{E1ECE17C-4977-445B-B87B-18CB58F48B17}"
EndProject
Project("{FAE04EC0-301F-11D3-BF4B-00C04F79EFBC}") = "ConsoleDateApp", "Project_8\ConsoleDateApp\ConsoleDateApp.csproj", "{9B3001A7-4132-4415-8910-1DC1D1D63D3F}"
EndProject
Project("{2150E333-8FDC-42A3-9474-1A3956D46DE8}") = "Project_9", "Project_9", "{8B836AE2-27C9-4762-B03F-5A35D3846344}"
EndProject
Project("{FAE04EC0-301F-11D3-BF4B-00C04F79EFBC}") = "ConsoleInteractingFilesApp", "Project_9\ConsoleInteractingFilesApp\ConsoleInteractingFilesApp.csproj", "{E5E3A0D3-4CA5-4633-AD7C-CDFE87FF8879}"
EndProject
Project("{2150E333-8FDC-42A3-9474-1A3956D46DE8}") = "Project_10", "Project_10", "{86B11D68-BE10-4929-A4C0-344194987C0A}"
EndProject
Project("{FAE04EC0-301F-11D3-BF4B-00C04F79EFBC}") = "LibraryDynamicArray", "Project_10\LibraryDynamicArray\LibraryDynamicArray.csproj", "{E7C1A635-9D98-4EC7-9298-E6766C9CB2A2}"
EndProject
Project("{FAE04EC0-301F-11D3-BF4B-00C04F79EFBC}") = "LibraryDynamicArrayTests", "Project_10\LibraryDynamicArrayTests\LibraryDynamicArrayTests.csproj", "{80303DB4-7862-47DB-9BE5-C3AB2828813F}"
EndProject
Global
	GlobalSection(SolutionConfigurationPlatforms) = preSolution
		Debug|Any CPU = Debug|Any CPU
		Release|Any CPU = Release|Any CPU
	EndGlobalSection
	GlobalSection(ProjectConfigurationPlatforms) = postSolution
		{14D20679-3C75-4C47-A054-4386C6789B9C}.Debug|Any CPU.ActiveCfg = Debug|Any CPU
		{14D20679-3C75-4C47-A054-4386C6789B9C}.Debug|Any CPU.Build.0 = Debug|Any CPU
		{14D20679-3C75-4C47-A054-4386C6789B9C}.Release|Any CPU.ActiveCfg = Release|Any CPU
		{14D20679-3C75-4C47-A054-4386C6789B9C}.Release|Any CPU.Build.0 = Release|Any CPU
		{CE744C80-FF20-4A3B-B306-E9B71CCB34D3}.Debug|Any CPU.ActiveCfg = Debug|Any CPU
		{CE744C80-FF20-4A3B-B306-E9B71CCB34D3}.Debug|Any CPU.Build.0 = Debug|Any CPU
		{CE744C80-FF20-4A3B-B306-E9B71CCB34D3}.Release|Any CPU.ActiveCfg = Release|Any CPU
		{CE744C80-FF20-4A3B-B306-E9B71CCB34D3}.Release|Any CPU.Build.0 = Release|Any CPU
		{F2DAFE12-C63B-4887-9242-C380412F01C4}.Debug|Any CPU.ActiveCfg = Debug|Any CPU
		{F2DAFE12-C63B-4887-9242-C380412F01C4}.Debug|Any CPU.Build.0 = Debug|Any CPU
		{F2DAFE12-C63B-4887-9242-C380412F01C4}.Release|Any CPU.ActiveCfg = Release|Any CPU
		{F2DAFE12-C63B-4887-9242-C380412F01C4}.Release|Any CPU.Build.0 = Release|Any CPU
		{BF72B52D-A574-4885-A7DF-F6A02C111673}.Debug|Any CPU.ActiveCfg = Debug|Any CPU
		{BF72B52D-A574-4885-A7DF-F6A02C111673}.Debug|Any CPU.Build.0 = Debug|Any CPU
		{BF72B52D-A574-4885-A7DF-F6A02C111673}.Release|Any CPU.ActiveCfg = Release|Any CPU
		{BF72B52D-A574-4885-A7DF-F6A02C111673}.Release|Any CPU.Build.0 = Release|Any CPU
		{C8E72D13-0C86-49FB-898C-698132D609BE}.Debug|Any CPU.ActiveCfg = Debug|Any CPU
		{C8E72D13-0C86-49FB-898C-698132D609BE}.Debug|Any CPU.Build.0 = Debug|Any CPU
		{C8E72D13-0C86-49FB-898C-698132D609BE}.Release|Any CPU.ActiveCfg = Release|Any CPU
		{C8E72D13-0C86-49FB-898C-698132D609BE}.Release|Any CPU.Build.0 = Release|Any CPU
		{2442ECCB-94FB-48D1-BCDD-4D82AACA0CC0}.Debug|Any CPU.ActiveCfg = Debug|Any CPU
		{2442ECCB-94FB-48D1-BCDD-4D82AACA0CC0}.Debug|Any CPU.Build.0 = Debug|Any CPU
		{2442ECCB-94FB-48D1-BCDD-4D82AACA0CC0}.Release|Any CPU.ActiveCfg = Release|Any CPU
		{2442ECCB-94FB-48D1-BCDD-4D82AACA0CC0}.Release|Any CPU.Build.0 = Release|Any CPU
		{A5F0F016-8E70-4CBA-8F71-5F3CC98F280B}.Debug|Any CPU.ActiveCfg = Debug|Any CPU
		{A5F0F016-8E70-4CBA-8F71-5F3CC98F280B}.Debug|Any CPU.Build.0 = Debug|Any CPU
		{A5F0F016-8E70-4CBA-8F71-5F3CC98F280B}.Release|Any CPU.ActiveCfg = Release|Any CPU
		{A5F0F016-8E70-4CBA-8F71-5F3CC98F280B}.Release|Any CPU.Build.0 = Release|Any CPU
		{93ACC6FE-FA73-4ED9-A181-9B7D9C899E5E}.Debug|Any CPU.ActiveCfg = Debug|Any CPU
		{93ACC6FE-FA73-4ED9-A181-9B7D9C899E5E}.Debug|Any CPU.Build.0 = Debug|Any CPU
		{93ACC6FE-FA73-4ED9-A181-9B7D9C899E5E}.Release|Any CPU.ActiveCfg = Release|Any CPU
		{93ACC6FE-FA73-4ED9-A181-9B7D9C899E5E}.Release|Any CPU.Build.0 = Release|Any CPU
		{CE8932FD-D020-4B18-963A-07C7BE47208C}.Debug|Any CPU.ActiveCfg = Debug|Any CPU
		{CE8932FD-D020-4B18-963A-07C7BE47208C}.Debug|Any CPU.Build.0 = Debug|Any CPU
		{CE8932FD-D020-4B18-963A-07C7BE47208C}.Release|Any CPU.ActiveCfg = Release|Any CPU
		{CE8932FD-D020-4B18-963A-07C7BE47208C}.Release|Any CPU.Build.0 = Release|Any CPU
		{9B1103C5-111A-43E6-A9DE-F2AC63060BC9}.Debug|Any CPU.ActiveCfg = Debug|Any CPU
		{9B1103C5-111A-43E6-A9DE-F2AC63060BC9}.Debug|Any CPU.Build.0 = Debug|Any CPU
		{9B1103C5-111A-43E6-A9DE-F2AC63060BC9}.Release|Any CPU.ActiveCfg = Release|Any CPU
		{9B1103C5-111A-43E6-A9DE-F2AC63060BC9}.Release|Any CPU.Build.0 = Release|Any CPU
		{384BF516-4D42-4037-9E9A-2240160F50E5}.Debug|Any CPU.ActiveCfg = Debug|Any CPU
		{384BF516-4D42-4037-9E9A-2240160F50E5}.Debug|Any CPU.Build.0 = Debug|Any CPU
		{384BF516-4D42-4037-9E9A-2240160F50E5}.Release|Any CPU.ActiveCfg = Release|Any CPU
		{384BF516-4D42-4037-9E9A-2240160F50E5}.Release|Any CPU.Build.0 = Release|Any CPU
		{9B3001A7-4132-4415-8910-1DC1D1D63D3F}.Debug|Any CPU.ActiveCfg = Debug|Any CPU
		{9B3001A7-4132-4415-8910-1DC1D1D63D3F}.Debug|Any CPU.Build.0 = Debug|Any CPU
		{9B3001A7-4132-4415-8910-1DC1D1D63D3F}.Release|Any CPU.ActiveCfg = Release|Any CPU
		{9B3001A7-4132-4415-8910-1DC1D1D63D3F}.Release|Any CPU.Build.0 = Release|Any CPU
		{E5E3A0D3-4CA5-4633-AD7C-CDFE87FF8879}.Debug|Any CPU.ActiveCfg = Debug|Any CPU
		{E5E3A0D3-4CA5-4633-AD7C-CDFE87FF8879}.Debug|Any CPU.Build.0 = Debug|Any CPU
		{E5E3A0D3-4CA5-4633-AD7C-CDFE87FF8879}.Release|Any CPU.ActiveCfg = Release|Any CPU
		{E5E3A0D3-4CA5-4633-AD7C-CDFE87FF8879}.Release|Any CPU.Build.0 = Release|Any CPU
		{E7C1A635-9D98-4EC7-9298-E6766C9CB2A2}.Debug|Any CPU.ActiveCfg = Debug|Any CPU
		{E7C1A635-9D98-4EC7-9298-E6766C9CB2A2}.Debug|Any CPU.Build.0 = Debug|Any CPU
		{E7C1A635-9D98-4EC7-9298-E6766C9CB2A2}.Release|Any CPU.ActiveCfg = Release|Any CPU
		{E7C1A635-9D98-4EC7-9298-E6766C9CB2A2}.Release|Any CPU.Build.0 = Release|Any CPU
		{80303DB4-7862-47DB-9BE5-C3AB2828813F}.Debug|Any CPU.ActiveCfg = Debug|Any CPU
		{80303DB4-7862-47DB-9BE5-C3AB2828813F}.Debug|Any CPU.Build.0 = Debug|Any CPU
		{80303DB4-7862-47DB-9BE5-C3AB2828813F}.Release|Any CPU.ActiveCfg = Release|Any CPU
		{80303DB4-7862-47DB-9BE5-C3AB2828813F}.Release|Any CPU.Build.0 = Release|Any CPU
	EndGlobalSection
	GlobalSection(NestedProjects) = preSolution
		{14D20679-3C75-4C47-A054-4386C6789B9C} = {C2FD7346-D37B-49DF-83C9-9387DBB02973}
		{CE744C80-FF20-4A3B-B306-E9B71CCB34D3} = {C2FD7346-D37B-49DF-83C9-9387DBB02973}
		{F2DAFE12-C63B-4887-9242-C380412F01C4} = {C46339DA-57C1-4B4C-80BD-A0995546E801}
		{BF72B52D-A574-4885-A7DF-F6A02C111673} = {C46339DA-57C1-4B4C-80BD-A0995546E801}
		{C8E72D13-0C86-49FB-898C-698132D609BE} = {86E69D47-F33A-4A30-B755-A5BF0564DF71}
		{2442ECCB-94FB-48D1-BCDD-4D82AACA0CC0} = {86E69D47-F33A-4A30-B755-A5BF0564DF71}
		{A5F0F016-8E70-4CBA-8F71-5F3CC98F280B} = {635DED03-D52A-43C0-96A5-E6AB77C6B3DA}
		{93ACC6FE-FA73-4ED9-A181-9B7D9C899E5E} = {635DED03-D52A-43C0-96A5-E6AB77C6B3DA}
		{CE8932FD-D020-4B18-963A-07C7BE47208C} = {46369693-C307-4280-8995-67FD2BFD3B6C}
		{9B1103C5-111A-43E6-A9DE-F2AC63060BC9} = {0A30F3A8-C85A-4297-9479-B18008B9C980}
		{384BF516-4D42-4037-9E9A-2240160F50E5} = {510C9AE2-E10E-4A1F-AD0F-E5207BC6FAE0}
		{9B3001A7-4132-4415-8910-1DC1D1D63D3F} = {E1ECE17C-4977-445B-B87B-18CB58F48B17}
		{E5E3A0D3-4CA5-4633-AD7C-CDFE87FF8879} = {8B836AE2-27C9-4762-B03F-5A35D3846344}
		{E7C1A635-9D98-4EC7-9298-E6766C9CB2A2} = {86B11D68-BE10-4929-A4C0-344194987C0A}
		{80303DB4-7862-47DB-9BE5-C3AB2828813F} = {86B11D68-BE10-4929-A4C0-344194987C0A}
	EndGlobalSection
EndGlobal
